
Microsoft Visual Studio Solution File, Format Version 12.00
# Visual Studio Version 17
VisualStudioVersion = 17.11.35327.3
MinimumVisualStudioVersion = 10.0.40219.1
Project("{FAE04EC0-301F-11D3-BF4B-00C04F79EFBC}") = "calcularNumero", "calcularNumero\calcularNumero.csproj", "{35795453-8004-412B-8A34-9620B129B987}"
EndProject
Project("{FAE04EC0-301F-11D3-BF4B-00C04F79EFBC}") = "calcularPromedioCalificacion", "calcularPromedioCalificacion\calcularPromedioCalificacion.csproj", "{46BF8C9E-49C4-4BE3-B8EC-E2ED958948E3}"
EndProject
Project("{FAE04EC0-301F-11D3-BF4B-00C04F79EFBC}") = "calcularNivelPostulante", "calcularNivelPostulante\calcularNivelPostulante.csproj", "{DCF64CF6-1E83-42F4-BE42-C4DFD8FD5FD7}"
EndProject
Global
	GlobalSection(SolutionConfigurationPlatforms) = preSolution
		Debug|Any CPU = Debug|Any CPU
		Release|Any CPU = Release|Any CPU
	EndGlobalSection
	GlobalSection(ProjectConfigurationPlatforms) = postSolution
		{35795453-8004-412B-8A34-9620B129B987}.Debug|Any CPU.ActiveCfg = Debug|Any CPU
		{35795453-8004-412B-8A34-9620B129B987}.Debug|Any CPU.Build.0 = Debug|Any CPU
		{35795453-8004-412B-8A34-9620B129B987}.Release|Any CPU.ActiveCfg = Release|Any CPU
		{35795453-8004-412B-8A34-9620B129B987}.Release|Any CPU.Build.0 = Release|Any CPU
		{46BF8C9E-49C4-4BE3-B8EC-E2ED958948E3}.Debug|Any CPU.ActiveCfg = Debug|Any CPU
		{46BF8C9E-49C4-4BE3-B8EC-E2ED958948E3}.Debug|Any CPU.Build.0 = Debug|Any CPU
		{46BF8C9E-49C4-4BE3-B8EC-E2ED958948E3}.Release|Any CPU.ActiveCfg = Release|Any CPU
		{46BF8C9E-49C4-4BE3-B8EC-E2ED958948E3}.Release|Any CPU.Build.0 = Release|Any CPU
		{DCF64CF6-1E83-42F4-BE42-C4DFD8FD5FD7}.Debug|Any CPU.ActiveCfg = Debug|Any CPU
		{DCF64CF6-1E83-42F4-BE42-C4DFD8FD5FD7}.Debug|Any CPU.Build.0 = Debug|Any CPU
		{DCF64CF6-1E83-42F4-BE42-C4DFD8FD5FD7}.Release|Any CPU.ActiveCfg = Release|Any CPU
		{DCF64CF6-1E83-42F4-BE42-C4DFD8FD5FD7}.Release|Any CPU.Build.0 = Release|Any CPU
	EndGlobalSection
	GlobalSection(SolutionProperties) = preSolution
		HideSolutionNode = FALSE
	EndGlobalSection
	GlobalSection(ExtensibilityGlobals) = postSolution
		SolutionGuid = {68802C8A-380D-4BDC-AC3E-9E2CB2BE0048}
	EndGlobalSection
EndGlobal
